
Microsoft Visual Studio Solution File, Format Version 12.00
# Visual Studio Version 16
VisualStudioVersion = 16.0.30804.86
MinimumVisualStudioVersion = 10.0.40219.1
Project("{FAE04EC0-301F-11D3-BF4B-00C04F79EFBC}") = "ProjetoMVC_ASP", "ProjetoMVC_ASP\ProjetoMVC_ASP.csproj", "{F27ED935-4CE2-4BA2-8BFD-C3B6A74B45AB}"
EndProject
Global
	GlobalSection(SolutionConfigurationPlatforms) = preSolution
		Debug|Any CPU = Debug|Any CPU
		Release|Any CPU = Release|Any CPU
	EndGlobalSection
	GlobalSection(ProjectConfigurationPlatforms) = postSolution
		{F27ED935-4CE2-4BA2-8BFD-C3B6A74B45AB}.Debug|Any CPU.ActiveCfg = Debug|Any CPU
		{F27ED935-4CE2-4BA2-8BFD-C3B6A74B45AB}.Debug|Any CPU.Build.0 = Debug|Any CPU
		{F27ED935-4CE2-4BA2-8BFD-C3B6A74B45AB}.Release|Any CPU.ActiveCfg = Release|Any CPU
		{F27ED935-4CE2-4BA2-8BFD-C3B6A74B45AB}.Release|Any CPU.Build.0 = Release|Any CPU
	EndGlobalSection
	GlobalSection(SolutionProperties) = preSolution
		HideSolutionNode = FALSE
	EndGlobalSection
	GlobalSection(ExtensibilityGlobals) = postSolution
		SolutionGuid = {CD628637-C562-4CC8-A598-272BC85CD5C3}
	EndGlobalSection
EndGlobal
